
Microsoft Visual Studio Solution File, Format Version 12.00
# Visual Studio 15
VisualStudioVersion = 15.0.28307.136
MinimumVisualStudioVersion = 10.0.40219.1
Project("{FAE04EC0-301F-11D3-BF4B-00C04F79EFBC}") = "Dataccess", "Dataccess\Dataccess.csproj", "{9A7A70C7-76C8-47B6-AD4F-9DB59A7EB9E8}"
EndProject
Project("{2150E333-8FDC-42A3-9474-1A3956D46DE8}") = "_dataModel", "_dataModel", "{2340765A-22A9-465A-8F02-29AB4FF03173}"
EndProject
Project("{2150E333-8FDC-42A3-9474-1A3956D46DE8}") = "Produccion", "Produccion", "{90F4BC93-FF0C-4054-B584-E03121483D5A}"
EndProject
Project("{2150E333-8FDC-42A3-9474-1A3956D46DE8}") = "Inventario", "Inventario", "{30357443-2955-4DA8-B3BA-06630E22BAC8}"
EndProject
Project("{2150E333-8FDC-42A3-9474-1A3956D46DE8}") = "Nomina", "Nomina", "{232F3B0F-91C0-4681-AADA-D5E3502C6F16}"
EndProject
Project("{2150E333-8FDC-42A3-9474-1A3956D46DE8}") = "Tintas", "Tintas", "{37E98AAC-3C9D-4F6E-AF77-EB1E9370139F}"
EndProject
Project("{FAE04EC0-301F-11D3-BF4B-00C04F79EFBC}") = "CalidadTintas", "CalidadTintas\CalidadTintas.csproj", "{80ADF525-A83A-452C-8476-753C9623BA10}"
EndProject
Project("{2150E333-8FDC-42A3-9474-1A3956D46DE8}") = "Almacen", "Almacen", "{535A0158-84A9-4C42-9E1C-9C3325BEF8FF}"
EndProject
Project("{FAE04EC0-301F-11D3-BF4B-00C04F79EFBC}") = "CtrolAlmacenMantenimiento", "CtrolAlmacenMantenimiento\CtrolAlmacenMantenimiento.csproj", "{EE1D6A11-40C0-43EC-8FA7-5393B0A9DCD1}"
EndProject
Project("{FAE04EC0-301F-11D3-BF4B-00C04F79EFBC}") = "RegistroRetal", "RegistroRetal\RegistroRetal.csproj", "{92E19476-8871-4060-BF4B-0760B6FFE6B9}"
EndProject
Project("{FAE04EC0-301F-11D3-BF4B-00C04F79EFBC}") = "MezclasExt", "MezclasExt\MezclasExt.csproj", "{42E0A362-3E64-4AA6-9CDF-343198D30F69}"
EndProject
Project("{FAE04EC0-301F-11D3-BF4B-00C04F79EFBC}") = "migrarDatosContables", "migrarDatosContables\migrarDatosContables.csproj", "{1377B00E-2CFF-4104-826A-3B35BE8D0DB5}"
EndProject
Project("{2150E333-8FDC-42A3-9474-1A3956D46DE8}") = "Sistemas", "Sistemas", "{2D1FE155-AF1A-48F8-83FE-D43147EC6066}"
EndProject
Project("{FAE04EC0-301F-11D3-BF4B-00C04F79EFBC}") = "MuestreoPLC", "MuestreoPLC\MuestreoPLC.csproj", "{390965A4-0EAA-4AF9-9EC8-9AD39046B5F1}"
EndProject
Project("{FAE04EC0-301F-11D3-BF4B-00C04F79EFBC}") = "IngresoMatPrima", "IngresoMatPrima\IngresoMatPrima.csproj", "{669B539B-97E4-4029-B459-36E8E74C6DC9}"
EndProject
Project("{FAE04EC0-301F-11D3-BF4B-00C04F79EFBC}") = "GosemContable", "GosemContable\GosemContable.csproj", "{E1935469-F7E0-4D27-AAC5-C7ACFD977F96}"
EndProject
Global
	GlobalSection(SolutionConfigurationPlatforms) = preSolution
		Debug|Any CPU = Debug|Any CPU
		Release|Any CPU = Release|Any CPU
	EndGlobalSection
	GlobalSection(ProjectConfigurationPlatforms) = postSolution
		{9A7A70C7-76C8-47B6-AD4F-9DB59A7EB9E8}.Debug|Any CPU.ActiveCfg = Debug|Any CPU
		{9A7A70C7-76C8-47B6-AD4F-9DB59A7EB9E8}.Debug|Any CPU.Build.0 = Debug|Any CPU
		{9A7A70C7-76C8-47B6-AD4F-9DB59A7EB9E8}.Release|Any CPU.ActiveCfg = Release|Any CPU
		{9A7A70C7-76C8-47B6-AD4F-9DB59A7EB9E8}.Release|Any CPU.Build.0 = Release|Any CPU
		{80ADF525-A83A-452C-8476-753C9623BA10}.Debug|Any CPU.ActiveCfg = Debug|Any CPU
		{80ADF525-A83A-452C-8476-753C9623BA10}.Debug|Any CPU.Build.0 = Debug|Any CPU
		{80ADF525-A83A-452C-8476-753C9623BA10}.Release|Any CPU.ActiveCfg = Release|Any CPU
		{80ADF525-A83A-452C-8476-753C9623BA10}.Release|Any CPU.Build.0 = Release|Any CPU
		{EE1D6A11-40C0-43EC-8FA7-5393B0A9DCD1}.Debug|Any CPU.ActiveCfg = Debug|Any CPU
		{EE1D6A11-40C0-43EC-8FA7-5393B0A9DCD1}.Debug|Any CPU.Build.0 = Debug|Any CPU
		{EE1D6A11-40C0-43EC-8FA7-5393B0A9DCD1}.Release|Any CPU.ActiveCfg = Release|Any CPU
		{EE1D6A11-40C0-43EC-8FA7-5393B0A9DCD1}.Release|Any CPU.Build.0 = Release|Any CPU
		{92E19476-8871-4060-BF4B-0760B6FFE6B9}.Debug|Any CPU.ActiveCfg = Debug|Any CPU
		{92E19476-8871-4060-BF4B-0760B6FFE6B9}.Debug|Any CPU.Build.0 = Debug|Any CPU
		{92E19476-8871-4060-BF4B-0760B6FFE6B9}.Release|Any CPU.ActiveCfg = Release|Any CPU
		{92E19476-8871-4060-BF4B-0760B6FFE6B9}.Release|Any CPU.Build.0 = Release|Any CPU
		{42E0A362-3E64-4AA6-9CDF-343198D30F69}.Debug|Any CPU.ActiveCfg = Debug|Any CPU
		{42E0A362-3E64-4AA6-9CDF-343198D30F69}.Debug|Any CPU.Build.0 = Debug|Any CPU
		{42E0A362-3E64-4AA6-9CDF-343198D30F69}.Release|Any CPU.ActiveCfg = Release|Any CPU
		{42E0A362-3E64-4AA6-9CDF-343198D30F69}.Release|Any CPU.Build.0 = Release|Any CPU
		{1377B00E-2CFF-4104-826A-3B35BE8D0DB5}.Debug|Any CPU.ActiveCfg = Debug|Any CPU
		{1377B00E-2CFF-4104-826A-3B35BE8D0DB5}.Debug|Any CPU.Build.0 = Debug|Any CPU
		{1377B00E-2CFF-4104-826A-3B35BE8D0DB5}.Release|Any CPU.ActiveCfg = Release|Any CPU
		{1377B00E-2CFF-4104-826A-3B35BE8D0DB5}.Release|Any CPU.Build.0 = Release|Any CPU
		{390965A4-0EAA-4AF9-9EC8-9AD39046B5F1}.Debug|Any CPU.ActiveCfg = Debug|Any CPU
		{390965A4-0EAA-4AF9-9EC8-9AD39046B5F1}.Debug|Any CPU.Build.0 = Debug|Any CPU
		{390965A4-0EAA-4AF9-9EC8-9AD39046B5F1}.Release|Any CPU.ActiveCfg = Release|Any CPU
		{390965A4-0EAA-4AF9-9EC8-9AD39046B5F1}.Release|Any CPU.Build.0 = Release|Any CPU
		{669B539B-97E4-4029-B459-36E8E74C6DC9}.Debug|Any CPU.ActiveCfg = Debug|Any CPU
		{669B539B-97E4-4029-B459-36E8E74C6DC9}.Debug|Any CPU.Build.0 = Debug|Any CPU
		{669B539B-97E4-4029-B459-36E8E74C6DC9}.Release|Any CPU.ActiveCfg = Release|Any CPU
		{669B539B-97E4-4029-B459-36E8E74C6DC9}.Release|Any CPU.Build.0 = Release|Any CPU
		{E1935469-F7E0-4D27-AAC5-C7ACFD977F96}.Debug|Any CPU.ActiveCfg = Debug|Any CPU
		{E1935469-F7E0-4D27-AAC5-C7ACFD977F96}.Debug|Any CPU.Build.0 = Debug|Any CPU
		{E1935469-F7E0-4D27-AAC5-C7ACFD977F96}.Release|Any CPU.ActiveCfg = Release|Any CPU
		{E1935469-F7E0-4D27-AAC5-C7ACFD977F96}.Release|Any CPU.Build.0 = Release|Any CPU
	EndGlobalSection
	GlobalSection(SolutionProperties) = preSolution
		HideSolutionNode = FALSE
	EndGlobalSection
	GlobalSection(NestedProjects) = preSolution
		{9A7A70C7-76C8-47B6-AD4F-9DB59A7EB9E8} = {2340765A-22A9-465A-8F02-29AB4FF03173}
		{80ADF525-A83A-452C-8476-753C9623BA10} = {37E98AAC-3C9D-4F6E-AF77-EB1E9370139F}
		{EE1D6A11-40C0-43EC-8FA7-5393B0A9DCD1} = {535A0158-84A9-4C42-9E1C-9C3325BEF8FF}
		{92E19476-8871-4060-BF4B-0760B6FFE6B9} = {90F4BC93-FF0C-4054-B584-E03121483D5A}
		{42E0A362-3E64-4AA6-9CDF-343198D30F69} = {90F4BC93-FF0C-4054-B584-E03121483D5A}
		{1377B00E-2CFF-4104-826A-3B35BE8D0DB5} = {232F3B0F-91C0-4681-AADA-D5E3502C6F16}
		{390965A4-0EAA-4AF9-9EC8-9AD39046B5F1} = {2D1FE155-AF1A-48F8-83FE-D43147EC6066}
		{669B539B-97E4-4029-B459-36E8E74C6DC9} = {30357443-2955-4DA8-B3BA-06630E22BAC8}
		{E1935469-F7E0-4D27-AAC5-C7ACFD977F96} = {232F3B0F-91C0-4681-AADA-D5E3502C6F16}
	EndGlobalSection
	GlobalSection(ExtensibilityGlobals) = postSolution
		SolutionGuid = {6AE06C00-F6A4-4D4B-95E1-86865676D373}
	EndGlobalSection
EndGlobal
